PODS:
  - Caishen (1.2.3)
  - CardIO (5.3.2)

DEPENDENCIES:
  - Caishen (from `../`)
  - CardIO

EXTERNAL SOURCES:
  Caishen:
    :path: "../"

SPEC CHECKSUMS:
  Caishen: 9cd9e43f88fed9c9a8fdbfde1a22c894c9c5ebb1
  CardIO: 92c45caef0d986c4a303a7afba0c9b76ff2b1f6e

PODFILE CHECKSUM: d6fb86d158e6c21d7bcfb2c9c372877af589da82

COCOAPODS: 1.0.0
